
Microsoft Visual Studio Solution File, Format Version 12.00
# Visual Studio Version 17
VisualStudioVersion = 17.4.33122.133
MinimumVisualStudioVersion = 10.0.40219.1
Project("{FAE04EC0-301F-11D3-BF4B-00C04F79EFBC}") = "PhoneBook_Developed", "PhoneBook_Developed\PhoneBook_Developed.csproj", "{AFACE639-F682-4258-BE25-33E684926491}"
EndProject
Global
	GlobalSection(SolutionConfigurationPlatforms) = preSolution
		Debug|Any CPU = Debug|Any CPU
		Release|Any CPU = Release|Any CPU
	EndGlobalSection
	GlobalSection(ProjectConfigurationPlatforms) = postSolution
		{AFACE639-F682-4258-BE25-33E684926491}.Debug|Any CPU.ActiveCfg = Debug|Any CPU
		{AFACE639-F682-4258-BE25-33E684926491}.Debug|Any CPU.Build.0 = Debug|Any CPU
		{AFACE639-F682-4258-BE25-33E684926491}.Release|Any CPU.ActiveCfg = Release|Any CPU
		{AFACE639-F682-4258-BE25-33E684926491}.Release|Any CPU.Build.0 = Release|Any CPU
	EndGlobalSection
	GlobalSection(SolutionProperties) = preSolution
		HideSolutionNode = FALSE
	EndGlobalSection
	GlobalSection(ExtensibilityGlobals) = postSolution
		SolutionGuid = {440729EB-14D8-4981-BE80-2FB9E2BD611B}
	EndGlobalSection
EndGlobal
